
Microsoft Visual Studio Solution File, Format Version 12.00
# Visual Studio 2013
VisualStudioVersion = 12.0.21005.1
MinimumVisualStudioVersion = 10.0.40219.1
Project("{FAE04EC0-301F-11D3-BF4B-00C04F79EFBC}") = "TransportLibrary", "TransportLibrary\TransportLibrary.csproj", "{AF2D2E1C-66C0-449A-8FE2-C2B49774D21C}"
EndProject
Project("{FAE04EC0-301F-11D3-BF4B-00C04F79EFBC}") = "TService", "TService\TService.csproj", "{0EDD5074-D32B-4FFC-A78A-C42DE31584AA}"
EndProject
Global
	GlobalSection(SolutionConfigurationPlatforms) = preSolution
		Debug|Any CPU = Debug|Any CPU
		Release|Any CPU = Release|Any CPU
	EndGlobalSection
	GlobalSection(ProjectConfigurationPlatforms) = postSolution
		{AF2D2E1C-66C0-449A-8FE2-C2B49774D21C}.Debug|Any CPU.ActiveCfg = Debug|Any CPU
		{AF2D2E1C-66C0-449A-8FE2-C2B49774D21C}.Debug|Any CPU.Build.0 = Debug|Any CPU
		{AF2D2E1C-66C0-449A-8FE2-C2B49774D21C}.Release|Any CPU.ActiveCfg = Release|Any CPU
		{AF2D2E1C-66C0-449A-8FE2-C2B49774D21C}.Release|Any CPU.Build.0 = Release|Any CPU
		{0EDD5074-D32B-4FFC-A78A-C42DE31584AA}.Debug|Any CPU.ActiveCfg = Debug|Any CPU
		{0EDD5074-D32B-4FFC-A78A-C42DE31584AA}.Debug|Any CPU.Build.0 = Debug|Any CPU
		{0EDD5074-D32B-4FFC-A78A-C42DE31584AA}.Release|Any CPU.ActiveCfg = Release|Any CPU
		{0EDD5074-D32B-4FFC-A78A-C42DE31584AA}.Release|Any CPU.Build.0 = Release|Any CPU
	EndGlobalSection
	GlobalSection(SolutionProperties) = preSolution
		HideSolutionNode = FALSE
	EndGlobalSection
EndGlobal
